
Microsoft Visual Studio Solution File, Format Version 11.00
# Visual Studio 2010
Project("{FAE04EC0-301F-11D3-BF4B-00C04F79EFBC}") = "MUREOBAL", "MUREOBAL\MUREOBAL.csproj", "{0F5BC338-9136-4A80-BBE5-7F302851C0C0}"
	ProjectSection(ProjectDependencies) = postProject
		{291EB316-D4DB-4EF1-A688-0A385B053D88} = {291EB316-D4DB-4EF1-A688-0A385B053D88}
		{34745FF9-CAD5-413B-A4D3-DA9446169FDC} = {34745FF9-CAD5-413B-A4D3-DA9446169FDC}
	EndProjectSection
EndProject
Project("{FAE04EC0-301F-11D3-BF4B-00C04F79EFBC}") = "MUREODAL", "MUREODAL\MUREODAL.csproj", "{291EB316-D4DB-4EF1-A688-0A385B053D88}"
	ProjectSection(ProjectDependencies) = postProject
		{34745FF9-CAD5-413B-A4D3-DA9446169FDC} = {34745FF9-CAD5-413B-A4D3-DA9446169FDC}
	EndProjectSection
EndProject
Project("{FAE04EC0-301F-11D3-BF4B-00C04F79EFBC}") = "MUREOUI", "MUREOUI\MUREOUI.csproj", "{6FA3AF56-5D95-4EF3-9E72-77B6EAA9DA97}"
	ProjectSection(ProjectDependencies) = postProject
		{291EB316-D4DB-4EF1-A688-0A385B053D88} = {291EB316-D4DB-4EF1-A688-0A385B053D88}
		{0F5BC338-9136-4A80-BBE5-7F302851C0C0} = {0F5BC338-9136-4A80-BBE5-7F302851C0C0}
		{34745FF9-CAD5-413B-A4D3-DA9446169FDC} = {34745FF9-CAD5-413B-A4D3-DA9446169FDC}
	EndProjectSection
EndProject
Project("{FAE04EC0-301F-11D3-BF4B-00C04F79EFBC}") = "MUREOPROP", "MUREOPROP\MUREOPROP.csproj", "{34745FF9-CAD5-413B-A4D3-DA9446169FDC}"
EndProject
Global
	GlobalSection(SolutionConfigurationPlatforms) = preSolution
		Debug|Any CPU = Debug|Any CPU
		Release|Any CPU = Release|Any CPU
	EndGlobalSection
	GlobalSection(ProjectConfigurationPlatforms) = postSolution
		{0F5BC338-9136-4A80-BBE5-7F302851C0C0}.Debug|Any CPU.ActiveCfg = Debug|Any CPU
		{0F5BC338-9136-4A80-BBE5-7F302851C0C0}.Debug|Any CPU.Build.0 = Debug|Any CPU
		{0F5BC338-9136-4A80-BBE5-7F302851C0C0}.Release|Any CPU.ActiveCfg = Release|Any CPU
		{0F5BC338-9136-4A80-BBE5-7F302851C0C0}.Release|Any CPU.Build.0 = Release|Any CPU
		{291EB316-D4DB-4EF1-A688-0A385B053D88}.Debug|Any CPU.ActiveCfg = Debug|Any CPU
		{291EB316-D4DB-4EF1-A688-0A385B053D88}.Debug|Any CPU.Build.0 = Debug|Any CPU
		{291EB316-D4DB-4EF1-A688-0A385B053D88}.Release|Any CPU.ActiveCfg = Release|Any CPU
		{291EB316-D4DB-4EF1-A688-0A385B053D88}.Release|Any CPU.Build.0 = Release|Any CPU
		{6FA3AF56-5D95-4EF3-9E72-77B6EAA9DA97}.Debug|Any CPU.ActiveCfg = Debug|Any CPU
		{6FA3AF56-5D95-4EF3-9E72-77B6EAA9DA97}.Debug|Any CPU.Build.0 = Debug|Any CPU
		{6FA3AF56-5D95-4EF3-9E72-77B6EAA9DA97}.Release|Any CPU.ActiveCfg = Release|Any CPU
		{6FA3AF56-5D95-4EF3-9E72-77B6EAA9DA97}.Release|Any CPU.Build.0 = Release|Any CPU
		{34745FF9-CAD5-413B-A4D3-DA9446169FDC}.Debug|Any CPU.ActiveCfg = Debug|Any CPU
		{34745FF9-CAD5-413B-A4D3-DA9446169FDC}.Debug|Any CPU.Build.0 = Debug|Any CPU
		{34745FF9-CAD5-413B-A4D3-DA9446169FDC}.Release|Any CPU.ActiveCfg = Release|Any CPU
		{34745FF9-CAD5-413B-A4D3-DA9446169FDC}.Release|Any CPU.Build.0 = Release|Any CPU
	EndGlobalSection
	GlobalSection(SolutionProperties) = preSolution
		HideSolutionNode = FALSE
	EndGlobalSection
EndGlobal
